<?xml version="1.0" encoding="utf-8"?>
<Project ToolsVersion="4.0" xmlns="http://schemas.microsoft.com/developer/msbuild/2003">
  <ItemGroup>
    <Filter Include="Source Files">
      <UniqueIdentifier>{4FC737F1-C7A5-4376-A066-2A32D752A2FF}</UniqueIdentifier>
      <Extensions>cpp;c;cc;cxx;def;odl;idl;hpj;bat;asm;asmx</Extensions>
    </Filter>
    <Filter Include="Header Files">
      <UniqueIdentifier>{93995380-89BD-4b04-88EB-625FBE52EBFB}</UniqueIdentifier>
      <Extensions>h;hh;hpp;hxx;hm;inl;inc;xsd</Extensions>
    </Filter>
    <Filter Include="Resource Files">
      <UniqueIdentifier>{67DA6AB6-F800-4c08-8B7A-83BB121AAD01}</UniqueIdentifier>
      <Extensions>rc;ico;cur;bmp;dlg;rc2;rct;bin;rgs;gif;jpg;jpeg;jpe;resx;tiff;tif;png;wav</Extensions>
    </Filter>
  </ItemGroup>
  <ItemGroup>
    <ClCompile Include="part1\p1b_code.cpp">
      <Filter>Source Files</Filter>
    </ClCompile>
    <ClCompile Include="part2\p2b_code.cpp">
      <Filter>Source Files</Filter>
    </ClCompile>
    <ClCompile Include="part3\p3a_code.cpp">
      <Filter>Source Files</Filter>
    </ClCompile>
    <ClCompile Include="part3\p3b_code.cpp">
      <Filter>Source Files</Filter>
    </ClCompile>
    <ClCompile Include="part4\p4a_code.cpp">
      <Filter>Source Files</Filter>
    </ClCompile>
    <ClCompile Include="part4\p4b_code.cpp">
      <Filter>Source Files</Filter>
    </ClCompile>
    <ClCompile Include="part5\p5a_code.cpp">
      <Filter>Source Files</Filter>
    </ClCompile>
    <ClCompile Include="part5\p5b_code.cpp">
      <Filter>Source Files</Filter>
    </ClCompile>
    <ClCompile Include="partec\ec_code.cpp">
      <Filter>Source Files</Filter>
    </ClCompile>
    <ClCompile Include="sample_code\find_circles.cpp">
      <Filter>Source Files</Filter>
    </ClCompile>
    <ClCompile Include="sample_code\play_video.cpp">
      <Filter>Source Files</Filter>
    </ClCompile>
  </ItemGroup>
  <ItemGroup>
    <None Include="hw3.html" />
  </ItemGroup>
</Project>